
Microsoft Visual Studio Solution File, Format Version 12.00
# Visual Studio Version 17
VisualStudioVersion = 17.6.33829.357
MinimumVisualStudioVersion = 10.0.40219.1
Project("{FAE04EC0-301F-11D3-BF4B-00C04F79EFBC}") = "CapaPresentacion", "CapaPresentacion\CapaPresentacion.csproj", "{681B3E3F-6AC6-4E69-9C33-A02A684EEB5B}"
EndProject
Project("{FAE04EC0-301F-11D3-BF4B-00C04F79EFBC}") = "CapaEntidad", "CapaEntidad\CapaEntidad.csproj", "{CFEBC910-BC9B-42BF-8626-874FB5C653AD}"
EndProject
Project("{FAE04EC0-301F-11D3-BF4B-00C04F79EFBC}") = "CapaNegocio", "CapaNegocio\CapaNegocio.csproj", "{007A9744-D9B0-4021-9051-7CB88FC83EC6}"
EndProject
Project("{FAE04EC0-301F-11D3-BF4B-00C04F79EFBC}") = "CapaDatos", "CapaDatos\CapaDatos.csproj", "{9C09A9F9-81A3-4B7C-89C9-117159BD5FB9}"
EndProject
Global
	GlobalSection(SolutionConfigurationPlatforms) = preSolution
		Debug|Any CPU = Debug|Any CPU
		Release|Any CPU = Release|Any CPU
	EndGlobalSection
	GlobalSection(ProjectConfigurationPlatforms) = postSolution
		{681B3E3F-6AC6-4E69-9C33-A02A684EEB5B}.Debug|Any CPU.ActiveCfg = Debug|Any CPU
		{681B3E3F-6AC6-4E69-9C33-A02A684EEB5B}.Debug|Any CPU.Build.0 = Debug|Any CPU
		{681B3E3F-6AC6-4E69-9C33-A02A684EEB5B}.Release|Any CPU.ActiveCfg = Release|Any CPU
		{681B3E3F-6AC6-4E69-9C33-A02A684EEB5B}.Release|Any CPU.Build.0 = Release|Any CPU
		{CFEBC910-BC9B-42BF-8626-874FB5C653AD}.Debug|Any CPU.ActiveCfg = Debug|Any CPU
		{CFEBC910-BC9B-42BF-8626-874FB5C653AD}.Debug|Any CPU.Build.0 = Debug|Any CPU
		{CFEBC910-BC9B-42BF-8626-874FB5C653AD}.Release|Any CPU.ActiveCfg = Release|Any CPU
		{CFEBC910-BC9B-42BF-8626-874FB5C653AD}.Release|Any CPU.Build.0 = Release|Any CPU
		{007A9744-D9B0-4021-9051-7CB88FC83EC6}.Debug|Any CPU.ActiveCfg = Debug|Any CPU
		{007A9744-D9B0-4021-9051-7CB88FC83EC6}.Debug|Any CPU.Build.0 = Debug|Any CPU
		{007A9744-D9B0-4021-9051-7CB88FC83EC6}.Release|Any CPU.ActiveCfg = Release|Any CPU
		{007A9744-D9B0-4021-9051-7CB88FC83EC6}.Release|Any CPU.Build.0 = Release|Any CPU
		{9C09A9F9-81A3-4B7C-89C9-117159BD5FB9}.Debug|Any CPU.ActiveCfg = Debug|Any CPU
		{9C09A9F9-81A3-4B7C-89C9-117159BD5FB9}.Debug|Any CPU.Build.0 = Debug|Any CPU
		{9C09A9F9-81A3-4B7C-89C9-117159BD5FB9}.Release|Any CPU.ActiveCfg = Release|Any CPU
		{9C09A9F9-81A3-4B7C-89C9-117159BD5FB9}.Release|Any CPU.Build.0 = Release|Any CPU
	EndGlobalSection
	GlobalSection(SolutionProperties) = preSolution
		HideSolutionNode = FALSE
	EndGlobalSection
	GlobalSection(ExtensibilityGlobals) = postSolution
		SolutionGuid = {A5A2BAF8-FF05-4094-A589-C10F6BE756D9}
	EndGlobalSection
EndGlobal
